// !$*UTF8*$!
{
	archiveVersion = 1;
	classes = {
	};
	objectVersion = 56;
	objects = {

/* Begin PBXBuildFile section */
		7F4409A62AC7269800DF5FCA /* CarouselCollectionViewFlowLayout.swift in Sources */ = {isa = PBXBuildFile; fileRef = 7F4409A52AC7269800DF5FCA /* CarouselCollectionViewFlowLayout.swift */; };
		7F4409AB2AC728BE00DF5FCA /* HomeCollectionViewFlowLayout.swift in Sources */ = {isa = PBXBuildFile; fileRef = 7F4409AA2AC728BE00DF5FCA /* HomeCollectionViewFlowLayout.swift */; };
		7F4409AF2AC7D77600DF5FCA /* TestViewController.swift in Sources */ = {isa = PBXBuildFile; fileRef = 7F4409AE2AC7D77600DF5FCA /* TestViewController.swift */; };
		7F4409B72AC9AE5100DF5FCA /* SplashViewController.swift in Sources */ = {isa = PBXBuildFile; fileRef = 7F4409B62AC9AE5100DF5FCA /* SplashViewController.swift */; };
		7F4409BA2AC9BED400DF5FCA /* homelayout.json in Resources */ = {isa = PBXBuildFile; fileRef = 7F4409B92AC9BED400DF5FCA /* homelayout.json */; };
		7F4409BC2AC9BF0F00DF5FCA /* HomeLayout.swift in Sources */ = {isa = PBXBuildFile; fileRef = 7F4409BB2AC9BF0F00DF5FCA /* HomeLayout.swift */; };
		7F4409BE2AC9BFD400DF5FCA /* Bundle+Extension.swift in Sources */ = {isa = PBXBuildFile; fileRef = 7F4409BD2AC9BFD400DF5FCA /* Bundle+Extension.swift */; };
		7F4409C02ACA962500DF5FCA /* NetworkAdaptor.swift in Sources */ = {isa = PBXBuildFile; fileRef = 7F4409BF2ACA962500DF5FCA /* NetworkAdaptor.swift */; };
		7F4409C22ACFB3CC00DF5FCA /* MpxCollectionViewLayout1.swift in Sources */ = {isa = PBXBuildFile; fileRef = 7F4409C12ACFB3CC00DF5FCA /* MpxCollectionViewLayout1.swift */; };
		7F4409C42ACFBF6B00DF5FCA /* MpxCollectionViewLayout.swift in Sources */ = {isa = PBXBuildFile; fileRef = 7F4409C32ACFBF6B00DF5FCA /* MpxCollectionViewLayout.swift */; };
		7F4409C82AD05AF400DF5FCA /* PromoCollectionViewCell.swift in Sources */ = {isa = PBXBuildFile; fileRef = 7F4409C62AD05AF400DF5FCA /* PromoCollectionViewCell.swift */; };
		7F4409C92AD05AF400DF5FCA /* PromoCollectionViewCell.xib in Resources */ = {isa = PBXBuildFile; fileRef = 7F4409C72AD05AF400DF5FCA /* PromoCollectionViewCell.xib */; };
		7F55B3562ABE03AB00CF1FE9 /* AppDelegate.swift in Sources */ = {isa = PBXBuildFile; fileRef = 7F55B3552ABE03AB00CF1FE9 /* AppDelegate.swift */; };
		7F55B3582ABE03AC00CF1FE9 /* ViewController.swift in Sources */ = {isa = PBXBuildFile; fileRef = 7F55B3572ABE03AC00CF1FE9 /* ViewController.swift */; };
		7F55B35B2ABE03AC00CF1FE9 /* Main.storyboard in Resources */ = {isa = PBXBuildFile; fileRef = 7F55B3592ABE03AC00CF1FE9 /* Main.storyboard */; };
		7F55B35D2ABE03B000CF1FE9 /* Assets.xcassets in Resources */ = {isa = PBXBuildFile; fileRef = 7F55B35C2ABE03B000CF1FE9 /* Assets.xcassets */; };
		7F55B3602ABE03B000CF1FE9 /* LaunchScreen.storyboard in Resources */ = {isa = PBXBuildFile; fileRef = 7F55B35E2ABE03B000CF1FE9 /* LaunchScreen.storyboard */; };
		7F55B3682ABE040E00CF1FE9 /* ImageCollectionViewCell.swift in Sources */ = {isa = PBXBuildFile; fileRef = 7F55B3662ABE040E00CF1FE9 /* ImageCollectionViewCell.swift */; };
		7F55B3692ABE040E00CF1FE9 /* ImageCollectionViewCell.xib in Resources */ = {isa = PBXBuildFile; fileRef = 7F55B3672ABE040E00CF1FE9 /* ImageCollectionViewCell.xib */; };
		7F55B36B2ABE0EAF00CF1FE9 /* CustomCollectionViewFlowLayout.swift in Sources */ = {isa = PBXBuildFile; fileRef = 7F55B36A2ABE0EAF00CF1FE9 /* CustomCollectionViewFlowLayout.swift */; };
		7F55B3702ABE2D0700CF1FE9 /* AppData.swift in Sources */ = {isa = PBXBuildFile; fileRef = 7F55B36F2ABE2D0700CF1FE9 /* AppData.swift */; };
		7F682E012ABF17010040FA94 /* ViewControllerGesture.swift in Sources */ = {isa = PBXBuildFile; fileRef = 7F682E002ABF17010040FA94 /* ViewControllerGesture.swift */; };
		7F682E042AC02B080040FA94 /* CarouselCollectionViewCell.swift in Sources */ = {isa = PBXBuildFile; fileRef = 7F682E022AC02B080040FA94 /* CarouselCollectionViewCell.swift */; };
		7F682E052AC02B080040FA94 /* CarouselCollectionViewCell.xib in Resources */ = {isa = PBXBuildFile; fileRef = 7F682E032AC02B080040FA94 /* CarouselCollectionViewCell.xib */; };
		7FA40E762AC6791E00DED1AF /* ContainerViewController.swift in Sources */ = {isa = PBXBuildFile; fileRef = 7FA40E752AC6791E00DED1AF /* ContainerViewController.swift */; };
		7FA40E792AC67B9700DED1AF /* HomeViewController.swift in Sources */ = {isa = PBXBuildFile; fileRef = 7FA40E772AC67B9700DED1AF /* HomeViewController.swift */; };
		7FA40E7A2AC67B9700DED1AF /* HomeViewController.xib in Resources */ = {isa = PBXBuildFile; fileRef = 7FA40E782AC67B9700DED1AF /* HomeViewController.xib */; };
		7FA40E7D2AC67BD700DED1AF /* MenuViewController.swift in Sources */ = {isa = PBXBuildFile; fileRef = 7FA40E7B2AC67BD700DED1AF /* MenuViewController.swift */; };
		7FA40E7E2AC67BD700DED1AF /* MenuViewController.xib in Resources */ = {isa = PBXBuildFile; fileRef = 7FA40E7C2AC67BD700DED1AF /* MenuViewController.xib */; };
		7FA40E802AC67C0200DED1AF /* Utility.swift in Sources */ = {isa = PBXBuildFile; fileRef = 7FA40E7F2AC67C0200DED1AF /* Utility.swift */; };
		7FA40E822AC68CDD00DED1AF /* AppConstants.swift in Sources */ = {isa = PBXBuildFile; fileRef = 7FA40E812AC68CDD00DED1AF /* AppConstants.swift */; };
		7FA40E862AC6B00700DED1AF /* MenuTableViewCell.swift in Sources */ = {isa = PBXBuildFile; fileRef = 7FA40E842AC6B00700DED1AF /* MenuTableViewCell.swift */; };
		7FA40E872AC6B00700DED1AF /* MenuTableViewCell.xib in Resources */ = {isa = PBXBuildFile; fileRef = 7FA40E852AC6B00700DED1AF /* MenuTableViewCell.xib */; };
/* End PBXBuildFile section */

/* Begin PBXFileReference section */
		7F4409A52AC7269800DF5FCA /* CarouselCollectionViewFlowLayout.swift */ = {isa = PBXFileReference; lastKnownFileType = sourcecode.swift; path = CarouselCollectionViewFlowLayout.swift; sourceTree = "<group>"; };
		7F4409AA2AC728BE00DF5FCA /* HomeCollectionViewFlowLayout.swift */ = {isa = PBXFileReference; lastKnownFileType = sourcecode.swift; path = HomeCollectionViewFlowLayout.swift; sourceTree = "<group>"; };
		7F4409AE2AC7D77600DF5FCA /* TestViewController.swift */ = {isa = PBXFileReference; lastKnownFileType = sourcecode.swift; path = TestViewController.swift; sourceTree = "<group>"; };
		7F4409B62AC9AE5100DF5FCA /* SplashViewController.swift */ = {isa = PBXFileReference; lastKnownFileType = sourcecode.swift; path = SplashViewController.swift; sourceTree = "<group>"; };
		7F4409B92AC9BED400DF5FCA /* homelayout.json */ = {isa = PBXFileReference; fileEncoding = 4; lastKnownFileType = text.json; path = homelayout.json; sourceTree = "<group>"; };
		7F4409BB2AC9BF0F00DF5FCA /* HomeLayout.swift */ = {isa = PBXFileReference; lastKnownFileType = sourcecode.swift; path = HomeLayout.swift; sourceTree = "<group>"; };
		7F4409BD2AC9BFD400DF5FCA /* Bundle+Extension.swift */ = {isa = PBXFileReference; fileEncoding = 4; lastKnownFileType = sourcecode.swift; path = "Bundle+Extension.swift"; sourceTree = "<group>"; };
		7F4409BF2ACA962500DF5FCA /* NetworkAdaptor.swift */ = {isa = PBXFileReference; fileEncoding = 4; lastKnownFileType = sourcecode.swift; path = NetworkAdaptor.swift; sourceTree = "<group>"; };
		7F4409C12ACFB3CC00DF5FCA /* MpxCollectionViewLayout1.swift */ = {isa = PBXFileReference; lastKnownFileType = sourcecode.swift; path = MpxCollectionViewLayout1.swift; sourceTree = "<group>"; };
		7F4409C32ACFBF6B00DF5FCA /* MpxCollectionViewLayout.swift */ = {isa = PBXFileReference; lastKnownFileType = sourcecode.swift; path = MpxCollectionViewLayout.swift; sourceTree = "<group>"; };
		7F4409C62AD05AF400DF5FCA /* PromoCollectionViewCell.swift */ = {isa = PBXFileReference; lastKnownFileType = sourcecode.swift; path = PromoCollectionViewCell.swift; sourceTree = "<group>"; };
		7F4409C72AD05AF400DF5FCA /* PromoCollectionViewCell.xib */ = {isa = PBXFileReference; lastKnownFileType = file.xib; path = PromoCollectionViewCell.xib; sourceTree = "<group>"; };
		7F55B3522ABE03AB00CF1FE9 /* VerticalScrolling.app */ = {isa = PBXFileReference; explicitFileType = wrapper.application; includeInIndex = 0; path = VerticalScrolling.app; sourceTree = BUILT_PRODUCTS_DIR; };
		7F55B3552ABE03AB00CF1FE9 /* AppDelegate.swift */ = {isa = PBXFileReference; lastKnownFileType = sourcecode.swift; path = AppDelegate.swift; sourceTree = "<group>"; };
		7F55B3572ABE03AC00CF1FE9 /* ViewController.swift */ = {isa = PBXFileReference; lastKnownFileType = sourcecode.swift; path = ViewController.swift; sourceTree = "<group>"; };
		7F55B35A2ABE03AC00CF1FE9 /* Base */ = {isa = PBXFileReference; lastKnownFileType = file.storyboard; name = Base; path = Base.lproj/Main.storyboard; sourceTree = "<group>"; };
		7F55B35C2ABE03B000CF1FE9 /* Assets.xcassets */ = {isa = PBXFileReference; lastKnownFileType = folder.assetcatalog; path = Assets.xcassets; sourceTree = "<group>"; };
		7F55B35F2ABE03B000CF1FE9 /* Base */ = {isa = PBXFileReference; lastKnownFileType = file.storyboard; name = Base; path = Base.lproj/LaunchScreen.storyboard; sourceTree = "<group>"; };
		7F55B3662ABE040E00CF1FE9 /* ImageCollectionViewCell.swift */ = {isa = PBXFileReference; lastKnownFileType = sourcecode.swift; path = ImageCollectionViewCell.swift; sourceTree = "<group>"; };
		7F55B3672ABE040E00CF1FE9 /* ImageCollectionViewCell.xib */ = {isa = PBXFileReference; lastKnownFileType = file.xib; path = ImageCollectionViewCell.xib; sourceTree = "<group>"; };
		7F55B36A2ABE0EAF00CF1FE9 /* CustomCollectionViewFlowLayout.swift */ = {isa = PBXFileReference; lastKnownFileType = sourcecode.swift; path = CustomCollectionViewFlowLayout.swift; sourceTree = "<group>"; };
		7F55B36F2ABE2D0700CF1FE9 /* AppData.swift */ = {isa = PBXFileReference; lastKnownFileType = sourcecode.swift; path = AppData.swift; sourceTree = "<group>"; };
		7F682E002ABF17010040FA94 /* ViewControllerGesture.swift */ = {isa = PBXFileReference; lastKnownFileType = sourcecode.swift; path = ViewControllerGesture.swift; sourceTree = "<group>"; };
		7F682E022AC02B080040FA94 /* CarouselCollectionViewCell.swift */ = {isa = PBXFileReference; lastKnownFileType = sourcecode.swift; path = CarouselCollectionViewCell.swift; sourceTree = "<group>"; };
		7F682E032AC02B080040FA94 /* CarouselCollectionViewCell.xib */ = {isa = PBXFileReference; lastKnownFileType = file.xib; path = CarouselCollectionViewCell.xib; sourceTree = "<group>"; };
		7FA40E752AC6791E00DED1AF /* ContainerViewController.swift */ = {isa = PBXFileReference; lastKnownFileType = sourcecode.swift; path = ContainerViewController.swift; sourceTree = "<group>"; };
		7FA40E772AC67B9700DED1AF /* HomeViewController.swift */ = {isa = PBXFileReference; lastKnownFileType = sourcecode.swift; path = HomeViewController.swift; sourceTree = "<group>"; };
		7FA40E782AC67B9700DED1AF /* HomeViewController.xib */ = {isa = PBXFileReference; lastKnownFileType = file.xib; path = HomeViewController.xib; sourceTree = "<group>"; };
		7FA40E7B2AC67BD700DED1AF /* MenuViewController.swift */ = {isa = PBXFileReference; lastKnownFileType = sourcecode.swift; path = MenuViewController.swift; sourceTree = "<group>"; };
		7FA40E7C2AC67BD700DED1AF /* MenuViewController.xib */ = {isa = PBXFileReference; lastKnownFileType = file.xib; path = MenuViewController.xib; sourceTree = "<group>"; };
		7FA40E7F2AC67C0200DED1AF /* Utility.swift */ = {isa = PBXFileReference; lastKnownFileType = sourcecode.swift; path = Utility.swift; sourceTree = "<group>"; };
		7FA40E812AC68CDD00DED1AF /* AppConstants.swift */ = {isa = PBXFileReference; lastKnownFileType = sourcecode.swift; path = AppConstants.swift; sourceTree = "<group>"; };
		7FA40E842AC6B00700DED1AF /* MenuTableViewCell.swift */ = {isa = PBXFileReference; lastKnownFileType = sourcecode.swift; path = MenuTableViewCell.swift; sourceTree = "<group>"; };
		7FA40E852AC6B00700DED1AF /* MenuTableViewCell.xib */ = {isa = PBXFileReference; lastKnownFileType = file.xib; path = MenuTableViewCell.xib; sourceTree = "<group>"; };
/* End PBXFileReference section */

/* Begin PBXFrameworksBuildPhase section */
		7F55B34F2ABE03AB00CF1FE9 /* Frameworks */ = {
			isa = PBXFrameworksBuildPhase;
			buildActionMask = 2147483647;
			files = (
			);
			runOnlyForDeploymentPostprocessing = 0;
		};
/* End PBXFrameworksBuildPhase section */

/* Begin PBXGroup section */
		7F4409A42AC725BD00DF5FCA /* CarouselCell */ = {
			isa = PBXGroup;
			children = (
				7F4409C32ACFBF6B00DF5FCA /* MpxCollectionViewLayout.swift */,
				7F682E022AC02B080040FA94 /* CarouselCollectionViewCell.swift */,
				7F682E032AC02B080040FA94 /* CarouselCollectionViewCell.xib */,
				7F4409A52AC7269800DF5FCA /* CarouselCollectionViewFlowLayout.swift */,
				7F4409C12ACFB3CC00DF5FCA /* MpxCollectionViewLayout1.swift */,
			);
			path = CarouselCell;
			sourceTree = "<group>";
		};
		7F4409A72AC7285C00DF5FCA /* Home */ = {
			isa = PBXGroup;
			children = (
				7FA40E772AC67B9700DED1AF /* HomeViewController.swift */,
				7FA40E782AC67B9700DED1AF /* HomeViewController.xib */,
				7F4409AA2AC728BE00DF5FCA /* HomeCollectionViewFlowLayout.swift */,
			);
			path = Home;
			sourceTree = "<group>";
		};
		7F4409B82AC9BEC200DF5FCA /* JsonFIles */ = {
			isa = PBXGroup;
			children = (
				7F4409B92AC9BED400DF5FCA /* homelayout.json */,
			);
			path = JsonFIles;
			sourceTree = "<group>";
		};
		7F4409C52AD05ACE00DF5FCA /* PromoCell */ = {
			isa = PBXGroup;
			children = (
				7F4409C62AD05AF400DF5FCA /* PromoCollectionViewCell.swift */,
				7F4409C72AD05AF400DF5FCA /* PromoCollectionViewCell.xib */,
			);
			path = PromoCell;
			sourceTree = "<group>";
		};
		7F55B3492ABE03AB00CF1FE9 = {
			isa = PBXGroup;
			children = (
				7F55B3542ABE03AB00CF1FE9 /* VerticalScrolling */,
				7F55B3532ABE03AB00CF1FE9 /* Products */,
			);
			sourceTree = "<group>";
		};
		7F55B3532ABE03AB00CF1FE9 /* Products */ = {
			isa = PBXGroup;
			children = (
				7F55B3522ABE03AB00CF1FE9 /* VerticalScrolling.app */,
			);
			name = Products;
			sourceTree = "<group>";
		};
		7F55B3542ABE03AB00CF1FE9 /* VerticalScrolling */ = {
			isa = PBXGroup;
			children = (
				7F55B3552ABE03AB00CF1FE9 /* AppDelegate.swift */,
				7F55B3572ABE03AC00CF1FE9 /* ViewController.swift */,
				7F4409AE2AC7D77600DF5FCA /* TestViewController.swift */,
				7F4409B62AC9AE5100DF5FCA /* SplashViewController.swift */,
				7F4409BB2AC9BF0F00DF5FCA /* HomeLayout.swift */,
				7F4409BF2ACA962500DF5FCA /* NetworkAdaptor.swift */,
				7F4409C52AD05ACE00DF5FCA /* PromoCell */,
				7F4409A42AC725BD00DF5FCA /* CarouselCell */,
				7F682E002ABF17010040FA94 /* ViewControllerGesture.swift */,
				7F4409A72AC7285C00DF5FCA /* Home */,
				7FA40E752AC6791E00DED1AF /* ContainerViewController.swift */,
				7FA40E892AC6B01D00DED1AF /* Menu */,
				7F55B36F2ABE2D0700CF1FE9 /* AppData.swift */,
				7F55B36A2ABE0EAF00CF1FE9 /* CustomCollectionViewFlowLayout.swift */,
				7F55B3662ABE040E00CF1FE9 /* ImageCollectionViewCell.swift */,
				7F55B3672ABE040E00CF1FE9 /* ImageCollectionViewCell.xib */,
				7FA40E812AC68CDD00DED1AF /* AppConstants.swift */,
				7F4409BD2AC9BFD400DF5FCA /* Bundle+Extension.swift */,
				7FA40E7F2AC67C0200DED1AF /* Utility.swift */,
				7F4409B82AC9BEC200DF5FCA /* JsonFIles */,
				7F55B3592ABE03AC00CF1FE9 /* Main.storyboard */,
				7F55B35C2ABE03B000CF1FE9 /* Assets.xcassets */,
				7F55B35E2ABE03B000CF1FE9 /* LaunchScreen.storyboard */,
			);
			path = VerticalScrolling;
			sourceTree = "<group>";
		};
		7FA40E832AC6AFE100DED1AF /* MenuCell */ = {
			isa = PBXGroup;
			children = (
				7FA40E842AC6B00700DED1AF /* MenuTableViewCell.swift */,
				7FA40E852AC6B00700DED1AF /* MenuTableViewCell.xib */,
			);
			path = MenuCell;
			sourceTree = "<group>";
		};
		7FA40E882AC6B00C00DED1AF /* MenuViewController */ = {
			isa = PBXGroup;
			children = (
				7FA40E7B2AC67BD700DED1AF /* MenuViewController.swift */,
				7FA40E7C2AC67BD700DED1AF /* MenuViewController.xib */,
			);
			path = MenuViewController;
			sourceTree = "<group>";
		};
		7FA40E892AC6B01D00DED1AF /* Menu */ = {
			isa = PBXGroup;
			children = (
				7FA40E882AC6B00C00DED1AF /* MenuViewController */,
				7FA40E832AC6AFE100DED1AF /* MenuCell */,
			);
			path = Menu;
			sourceTree = "<group>";
		};
/* End PBXGroup section */

/* Begin PBXNativeTarget section */
		7F55B3512ABE03AB00CF1FE9 /* VerticalScrolling */ = {
			isa = PBXNativeTarget;
			buildConfigurationList = 7F55B3632ABE03B000CF1FE9 /* Build configuration list for PBXNativeTarget "VerticalScrolling" */;
			buildPhases = (
				7F55B34E2ABE03AB00CF1FE9 /* Sources */,
				7F55B34F2ABE03AB00CF1FE9 /* Frameworks */,
				7F55B3502ABE03AB00CF1FE9 /* Resources */,
			);
			buildRules = (
			);
			dependencies = (
			);
			name = VerticalScrolling;
			productName = VerticalScrolling;
			productReference = 7F55B3522ABE03AB00CF1FE9 /* VerticalScrolling.app */;
			productType = "com.apple.product-type.application";
		};
/* End PBXNativeTarget section */

/* Begin PBXProject section */
		7F55B34A2ABE03AB00CF1FE9 /* Project object */ = {
			isa = PBXProject;
			attributes = {
				BuildIndependentTargetsInParallel = 1;
				LastSwiftUpdateCheck = 1420;
				LastUpgradeCheck = 1420;
				TargetAttributes = {
					7F55B3512ABE03AB00CF1FE9 = {
						CreatedOnToolsVersion = 14.2;
					};
				};
			};
			buildConfigurationList = 7F55B34D2ABE03AB00CF1FE9 /* Build configuration list for PBXProject "VerticalScrolling" */;
			compatibilityVersion = "Xcode 14.0";
			developmentRegion = en;
			hasScannedForEncodings = 0;
			knownRegions = (
				en,
				Base,
			);
			mainGroup = 7F55B3492ABE03AB00CF1FE9;
			productRefGroup = 7F55B3532ABE03AB00CF1FE9 /* Products */;
			projectDirPath = "";
			projectRoot = "";
			targets = (
				7F55B3512ABE03AB00CF1FE9 /* VerticalScrolling */,
			);
		};
/* End PBXProject section */

/* Begin PBXResourcesBuildPhase section */
		7F55B3502ABE03AB00CF1FE9 /* Resources */ = {
			isa = PBXResourcesBuildPhase;
			buildActionMask = 2147483647;
			files = (
				7F55B3602ABE03B000CF1FE9 /* LaunchScreen.storyboard in Resources */,
				7F55B35D2ABE03B000CF1FE9 /* Assets.xcassets in Resources */,
				7F4409C92AD05AF400DF5FCA /* PromoCollectionViewCell.xib in Resources */,
				7F4409BA2AC9BED400DF5FCA /* homelayout.json in Resources */,
				7F682E052AC02B080040FA94 /* CarouselCollectionViewCell.xib in Resources */,
				7F55B3692ABE040E00CF1FE9 /* ImageCollectionViewCell.xib in Resources */,
				7F55B35B2ABE03AC00CF1FE9 /* Main.storyboard in Resources */,
				7FA40E7E2AC67BD700DED1AF /* MenuViewController.xib in Resources */,
				7FA40E872AC6B00700DED1AF /* MenuTableViewCell.xib in Resources */,
				7FA40E7A2AC67B9700DED1AF /* HomeViewController.xib in Resources */,
			);
			runOnlyForDeploymentPostprocessing = 0;
		};
/* End PBXResourcesBuildPhase section */

/* Begin PBXSourcesBuildPhase section */
		7F55B34E2ABE03AB00CF1FE9 /* Sources */ = {
			isa = PBXSourcesBuildPhase;
			buildActionMask = 2147483647;
			files = (
				7F4409A62AC7269800DF5FCA /* CarouselCollectionViewFlowLayout.swift in Sources */,
				7F682E042AC02B080040FA94 /* CarouselCollectionViewCell.swift in Sources */,
				7F4409AF2AC7D77600DF5FCA /* TestViewController.swift in Sources */,
				7F4409B72AC9AE5100DF5FCA /* SplashViewController.swift in Sources */,
				7F682E012ABF17010040FA94 /* ViewControllerGesture.swift in Sources */,
				7FA40E862AC6B00700DED1AF /* MenuTableViewCell.swift in Sources */,
				7F4409C22ACFB3CC00DF5FCA /* MpxCollectionViewLayout1.swift in Sources */,
				7F4409C82AD05AF400DF5FCA /* PromoCollectionViewCell.swift in Sources */,
				7FA40E762AC6791E00DED1AF /* ContainerViewController.swift in Sources */,
				7F55B3682ABE040E00CF1FE9 /* ImageCollectionViewCell.swift in Sources */,
				7F4409C02ACA962500DF5FCA /* NetworkAdaptor.swift in Sources */,
				7FA40E7D2AC67BD700DED1AF /* MenuViewController.swift in Sources */,
				7F55B3582ABE03AC00CF1FE9 /* ViewController.swift in Sources */,
				7FA40E792AC67B9700DED1AF /* HomeViewController.swift in Sources */,
				7F55B3562ABE03AB00CF1FE9 /* AppDelegate.swift in Sources */,
				7FA40E802AC67C0200DED1AF /* Utility.swift in Sources */,
				7F55B36B2ABE0EAF00CF1FE9 /* CustomCollectionViewFlowLayout.swift in Sources */,
				7FA40E822AC68CDD00DED1AF /* AppConstants.swift in Sources */,
				7F55B3702ABE2D0700CF1FE9 /* AppData.swift in Sources */,
				7F4409BC2AC9BF0F00DF5FCA /* HomeLayout.swift in Sources */,
				7F4409AB2AC728BE00DF5FCA /* HomeCollectionViewFlowLayout.swift in Sources */,
				7F4409C42ACFBF6B00DF5FCA /* MpxCollectionViewLayout.swift in Sources */,
				7F4409BE2AC9BFD400DF5FCA /* Bundle+Extension.swift in Sources */,
			);
			runOnlyForDeploymentPostprocessing = 0;
		};
/* End PBXSourcesBuildPhase section */

/* Begin PBXVariantGroup section */
		7F55B3592ABE03AC00CF1FE9 /* Main.storyboard */ = {
			isa = PBXVariantGroup;
			children = (
				7F55B35A2ABE03AC00CF1FE9 /* Base */,
			);
			name = Main.storyboard;
			sourceTree = "<group>";
		};
		7F55B35E2ABE03B000CF1FE9 /* LaunchScreen.storyboard */ = {
			isa = PBXVariantGroup;
			children = (
				7F55B35F2ABE03B000CF1FE9 /* Base */,
			);
			name = LaunchScreen.storyboard;
			sourceTree = "<group>";
		};
/* End PBXVariantGroup section */

/* Begin XCBuildConfiguration section */
		7F55B3612ABE03B000CF1FE9 /* Debug */ = {
			isa = XCBuildConfiguration;
			buildSettings = {
				ALWAYS_SEARCH_USER_PATHS = NO;
				CLANG_ANALYZER_NONNULL = YES;
				CLANG_ANALYZER_NUMBER_OBJECT_CONVERSION = YES_AGGRESSIVE;
				CLANG_CXX_LANGUAGE_STANDARD = "gnu++20";
				CLANG_ENABLE_MODULES = YES;
				CLANG_ENABLE_OBJC_ARC = YES;
				CLANG_ENABLE_OBJC_WEAK = YES;
				CLANG_WARN_BLOCK_CAPTURE_AUTORELEASING = YES;
				CLANG_WARN_BOOL_CONVERSION = YES;
				CLANG_WARN_COMMA = YES;
				CLANG_WARN_CONSTANT_CONVERSION = YES;
				CLANG_WARN_DEPRECATED_OBJC_IMPLEMENTATIONS = YES;
				CLANG_WARN_DIRECT_OBJC_ISA_USAGE = YES_ERROR;
				CLANG_WARN_DOCUMENTATION_COMMENTS = YES;
				CLANG_WARN_EMPTY_BODY = YES;
				CLANG_WARN_ENUM_CONVERSION = YES;
				CLANG_WARN_INFINITE_RECURSION = YES;
				CLANG_WARN_INT_CONVERSION = YES;
				CLANG_WARN_NON_LITERAL_NULL_CONVERSION = YES;
				CLANG_WARN_OBJC_IMPLICIT_RETAIN_SELF = YES;
				CLANG_WARN_OBJC_LITERAL_CONVERSION = YES;
				CLANG_WARN_OBJC_ROOT_CLASS = YES_ERROR;
				CLANG_WARN_QUOTED_INCLUDE_IN_FRAMEWORK_HEADER = YES;
				CLANG_WARN_RANGE_LOOP_ANALYSIS = YES;
				CLANG_WARN_STRICT_PROTOTYPES = YES;
				CLANG_WARN_SUSPICIOUS_MOVE = YES;
				CLANG_WARN_UNGUARDED_AVAILABILITY = YES_AGGRESSIVE;
				CLANG_WARN_UNREACHABLE_CODE = YES;
				CLANG_WARN__DUPLICATE_METHOD_MATCH = YES;
				COPY_PHASE_STRIP = NO;
				DEBUG_INFORMATION_FORMAT = dwarf;
				ENABLE_STRICT_OBJC_MSGSEND = YES;
				ENABLE_TESTABILITY = YES;
				GCC_C_LANGUAGE_STANDARD = gnu11;
				GCC_DYNAMIC_NO_PIC = NO;
				GCC_NO_COMMON_BLOCKS = YES;
				GCC_OPTIMIZATION_LEVEL = 0;
				GCC_PREPROCESSOR_DEFINITIONS = (
					"DEBUG=1",
					"$(inherited)",
				);
				GCC_WARN_64_TO_32_BIT_CONVERSION = YES;
				GCC_WARN_ABOUT_RETURN_TYPE = YES_ERROR;
				GCC_WARN_UNDECLARED_SELECTOR = YES;
				GCC_WARN_UNINITIALIZED_AUTOS = YES_AGGRESSIVE;
				GCC_WARN_UNUSED_FUNCTION = YES;
				GCC_WARN_UNUSED_VARIABLE = YES;
				MTL_ENABLE_DEBUG_INFO = INCLUDE_SOURCE;
				MTL_FAST_MATH = YES;
				ONLY_ACTIVE_ARCH = YES;
				SDKROOT = appletvos;
				SWIFT_ACTIVE_COMPILATION_CONDITIONS = DEBUG;
				SWIFT_OPTIMIZATION_LEVEL = "-Onone";
				TVOS_DEPLOYMENT_TARGET = 16.1;
			};
			name = Debug;
		};
		7F55B3622ABE03B000CF1FE9 /* Release */ = {
			isa = XCBuildConfiguration;
			buildSettings = {
				ALWAYS_SEARCH_USER_PATHS = NO;
				CLANG_ANALYZER_NONNULL = YES;
				CLANG_ANALYZER_NUMBER_OBJECT_CONVERSION = YES_AGGRESSIVE;
				CLANG_CXX_LANGUAGE_STANDARD = "gnu++20";
				CLANG_ENABLE_MODULES = YES;
				CLANG_ENABLE_OBJC_ARC = YES;
				CLANG_ENABLE_OBJC_WEAK = YES;
				CLANG_WARN_BLOCK_CAPTURE_AUTORELEASING = YES;
				CLANG_WARN_BOOL_CONVERSION = YES;
				CLANG_WARN_COMMA = YES;
				CLANG_WARN_CONSTANT_CONVERSION = YES;
				CLANG_WARN_DEPRECATED_OBJC_IMPLEMENTATIONS = YES;
				CLANG_WARN_DIRECT_OBJC_ISA_USAGE = YES_ERROR;
				CLANG_WARN_DOCUMENTATION_COMMENTS = YES;
				CLANG_WARN_EMPTY_BODY = YES;
				CLANG_WARN_ENUM_CONVERSION = YES;
				CLANG_WARN_INFINITE_RECURSION = YES;
				CLANG_WARN_INT_CONVERSION = YES;
				CLANG_WARN_NON_LITERAL_NULL_CONVERSION = YES;
				CLANG_WARN_OBJC_IMPLICIT_RETAIN_SELF = YES;
				CLANG_WARN_OBJC_LITERAL_CONVERSION = YES;
				CLANG_WARN_OBJC_ROOT_CLASS = YES_ERROR;
				CLANG_WARN_QUOTED_INCLUDE_IN_FRAMEWORK_HEADER = YES;
				CLANG_WARN_RANGE_LOOP_ANALYSIS = YES;
				CLANG_WARN_STRICT_PROTOTYPES = YES;
				CLANG_WARN_SUSPICIOUS_MOVE = YES;
				CLANG_WARN_UNGUARDED_AVAILABILITY = YES_AGGRESSIVE;
				CLANG_WARN_UNREACHABLE_CODE = YES;
				CLANG_WARN__DUPLICATE_METHOD_MATCH = YES;
				COPY_PHASE_STRIP = NO;
				DEBUG_INFORMATION_FORMAT = "dwarf-with-dsym";
				ENABLE_NS_ASSERTIONS = NO;
				ENABLE_STRICT_OBJC_MSGSEND = YES;
				GCC_C_LANGUAGE_STANDARD = gnu11;
				GCC_NO_COMMON_BLOCKS = YES;
				GCC_WARN_64_TO_32_BIT_CONVERSION = YES;
				GCC_WARN_ABOUT_RETURN_TYPE = YES_ERROR;
				GCC_WARN_UNDECLARED_SELECTOR = YES;
				GCC_WARN_UNINITIALIZED_AUTOS = YES_AGGRESSIVE;
				GCC_WARN_UNUSED_FUNCTION = YES;
				GCC_WARN_UNUSED_VARIABLE = YES;
				MTL_ENABLE_DEBUG_INFO = NO;
				MTL_FAST_MATH = YES;
				SDKROOT = appletvos;
				SWIFT_COMPILATION_MODE = wholemodule;
				SWIFT_OPTIMIZATION_LEVEL = "-O";
				TVOS_DEPLOYMENT_TARGET = 16.1;
				VALIDATE_PRODUCT = YES;
			};
			name = Release;
		};
		7F55B3642ABE03B000CF1FE9 /* Debug */ = {
			isa = XCBuildConfiguration;
			buildSettings = {
				ASSETCATALOG_COMPILER_APPICON_NAME = "App Icon & Top Shelf Image";
				ASSETCATALOG_COMPILER_GLOBAL_ACCENT_COLOR_NAME = AccentColor;
				CODE_SIGN_IDENTITY = "Apple Development";
				CODE_SIGN_STYLE = Automatic;
				CURRENT_PROJECT_VERSION = 320;
				DEVELOPMENT_TEAM = L2Z5JFXQ85;
				GENERATE_INFOPLIST_FILE = YES;
				INFOPLIST_KEY_UILaunchStoryboardName = LaunchScreen;
				INFOPLIST_KEY_UIMainStoryboardFile = Main;
				INFOPLIST_KEY_UIUserInterfaceStyle = Automatic;
				LD_RUNPATH_SEARCH_PATHS = (
					"$(inherited)",
					"@executable_path/Frameworks",
				);
				MARKETING_VERSION = 5.1.1;
				PRODUCT_BUNDLE_IDENTIFIER = com.verticalscrolling.com;
				PRODUCT_NAME = "$(TARGET_NAME)";
				PROVISIONING_PROFILE_SPECIFIER = "";
				SWIFT_EMIT_LOC_STRINGS = YES;
				SWIFT_VERSION = 5.0;
				TARGETED_DEVICE_FAMILY = 3;
				TVOS_DEPLOYMENT_TARGET = 16.0;
			};
			name = Debug;
		};
		7F55B3652ABE03B000CF1FE9 /* Release */ = {
			isa = XCBuildConfiguration;
			buildSettings = {
				ASSETCATALOG_COMPILER_APPICON_NAME = "App Icon & Top Shelf Image";
				ASSETCATALOG_COMPILER_GLOBAL_ACCENT_COLOR_NAME = AccentColor;
				CODE_SIGN_IDENTITY = "Apple Development";
				CODE_SIGN_STYLE = Automatic;
				CURRENT_PROJECT_VERSION = 320;
				DEVELOPMENT_TEAM = L2Z5JFXQ85;
				GENERATE_INFOPLIST_FILE = YES;
				INFOPLIST_KEY_UILaunchStoryboardName = LaunchScreen;
				INFOPLIST_KEY_UIMainStoryboardFile = Main;
				INFOPLIST_KEY_UIUserInterfaceStyle = Automatic;
				LD_RUNPATH_SEARCH_PATHS = (
					"$(inherited)",
					"@executable_path/Frameworks",
				);
				MARKETING_VERSION = 5.1.1;
				PRODUCT_BUNDLE_IDENTIFIER = com.verticalscrolling.com;
				PRODUCT_NAME = "$(TARGET_NAME)";
				PROVISIONING_PROFILE_SPECIFIER = "";
				SWIFT_EMIT_LOC_STRINGS = YES;
				SWIFT_VERSION = 5.0;
				TARGETED_DEVICE_FAMILY = 3;
				TVOS_DEPLOYMENT_TARGET = 16.0;
			};
			name = Release;
		};
/* End XCBuildConfiguration section */

/* Begin XCConfigurationList section */
		7F55B34D2ABE03AB00CF1FE9 /* Build configuration list for PBXProject "VerticalScrolling" */ = {
			isa = XCConfigurationList;
			buildConfigurations = (
				7F55B3612ABE03B000CF1FE9 /* Debug */,
				7F55B3622ABE03B000CF1FE9 /* Release */,
			);
			defaultConfigurationIsVisible = 0;
			defaultConfigurationName = Release;
		};
		7F55B3632ABE03B000CF1FE9 /* Build configuration list for PBXNativeTarget "VerticalScrolling" */ = {
			isa = XCConfigurationList;
			buildConfigurations = (
				7F55B3642ABE03B000CF1FE9 /* Debug */,
				7F55B3652ABE03B000CF1FE9 /* Release */,
			);
			defaultConfigurationIsVisible = 0;
			defaultConfigurationName = Release;
		};
/* End XCConfigurationList section */
	};
	rootObject = 7F55B34A2ABE03AB00CF1FE9 /* Project object */;
}
